
Microsoft Visual Studio Solution File, Format Version 12.00
# Visual Studio Version 17
VisualStudioVersion = 17.5.33516.290
MinimumVisualStudioVersion = 10.0.40219.1
Project("{FAE04EC0-301F-11D3-BF4B-00C04F79EFBC}") = "Lab.UWP", "Lab\Lab.UWP\Lab.UWP.csproj", "{64613881-5DE6-47F8-9B82-914778FB8FA2}"
EndProject
Project("{FAE04EC0-301F-11D3-BF4B-00C04F79EFBC}") = "Lab.Android", "Lab\Lab.Android\Lab.Android.csproj", "{C3DC2351-167C-472B-980F-2103AF67329D}"
EndProject
Project("{FAE04EC0-301F-11D3-BF4B-00C04F79EFBC}") = "Lab.iOS", "Lab\Lab.iOS\Lab.iOS.csproj", "{849BE769-CF0E-47A4-B050-F421A2901CFA}"
EndProject
Project("{FAE04EC0-301F-11D3-BF4B-00C04F79EFBC}") = "Lab", "Lab\Lab\Lab.csproj", "{B2E1F8F0-F01D-48F0-AC0B-02B49A991DAD}"
EndProject
Global
	GlobalSection(SolutionConfigurationPlatforms) = preSolution
		Debug|Any CPU = Debug|Any CPU
		Debug|ARM = Debug|ARM
		Debug|iPhone = Debug|iPhone
		Debug|iPhoneSimulator = Debug|iPhoneSimulator
		Debug|x64 = Debug|x64
		Debug|x86 = Debug|x86
		Release|Any CPU = Release|Any CPU
		Release|ARM = Release|ARM
		Release|iPhone = Release|iPhone
		Release|iPhoneSimulator = Release|iPhoneSimulator
		Release|x64 = Release|x64
		Release|x86 = Release|x86
	EndGlobalSection
	GlobalSection(ProjectConfigurationPlatforms) = postSolution
		{64613881-5DE6-47F8-9B82-914778FB8FA2}.Debug|Any CPU.ActiveCfg = Debug|x64
		{64613881-5DE6-47F8-9B82-914778FB8FA2}.Debug|Any CPU.Build.0 = Debug|x64
		{64613881-5DE6-47F8-9B82-914778FB8FA2}.Debug|Any CPU.Deploy.0 = Debug|x64
		{64613881-5DE6-47F8-9B82-914778FB8FA2}.Debug|ARM.ActiveCfg = Debug|ARM
		{64613881-5DE6-47F8-9B82-914778FB8FA2}.Debug|ARM.Build.0 = Debug|ARM
		{64613881-5DE6-47F8-9B82-914778FB8FA2}.Debug|ARM.Deploy.0 = Debug|ARM
		{64613881-5DE6-47F8-9B82-914778FB8FA2}.Debug|iPhone.ActiveCfg = Debug|x64
		{64613881-5DE6-47F8-9B82-914778FB8FA2}.Debug|iPhone.Build.0 = Debug|x64
		{64613881-5DE6-47F8-9B82-914778FB8FA2}.Debug|iPhone.Deploy.0 = Debug|x64
		{64613881-5DE6-47F8-9B82-914778FB8FA2}.Debug|iPhoneSimulator.ActiveCfg = Debug|x64
		{64613881-5DE6-47F8-9B82-914778FB8FA2}.Debug|iPhoneSimulator.Build.0 = Debug|x64
		{64613881-5DE6-47F8-9B82-914778FB8FA2}.Debug|iPhoneSimulator.Deploy.0 = Debug|x64
		{64613881-5DE6-47F8-9B82-914778FB8FA2}.Debug|x64.ActiveCfg = Debug|x64
		{64613881-5DE6-47F8-9B82-914778FB8FA2}.Debug|x64.Build.0 = Debug|x64
		{64613881-5DE6-47F8-9B82-914778FB8FA2}.Debug|x64.Deploy.0 = Debug|x64
		{64613881-5DE6-47F8-9B82-914778FB8FA2}.Debug|x86.ActiveCfg = Debug|x86
		{64613881-5DE6-47F8-9B82-914778FB8FA2}.Debug|x86.Build.0 = Debug|x86
		{64613881-5DE6-47F8-9B82-914778FB8FA2}.Debug|x86.Deploy.0 = Debug|x86
		{64613881-5DE6-47F8-9B82-914778FB8FA2}.Release|Any CPU.ActiveCfg = Release|x64
		{64613881-5DE6-47F8-9B82-914778FB8FA2}.Release|Any CPU.Build.0 = Release|x64
		{64613881-5DE6-47F8-9B82-914778FB8FA2}.Release|Any CPU.Deploy.0 = Release|x64
		{64613881-5DE6-47F8-9B82-914778FB8FA2}.Release|ARM.ActiveCfg = Release|ARM
		{64613881-5DE6-47F8-9B82-914778FB8FA2}.Release|ARM.Build.0 = Release|ARM
		{64613881-5DE6-47F8-9B82-914778FB8FA2}.Release|ARM.Deploy.0 = Release|ARM
		{64613881-5DE6-47F8-9B82-914778FB8FA2}.Release|iPhone.ActiveCfg = Release|x64
		{64613881-5DE6-47F8-9B82-914778FB8FA2}.Release|iPhone.Build.0 = Release|x64
		{64613881-5DE6-47F8-9B82-914778FB8FA2}.Release|iPhone.Deploy.0 = Release|x64
		{64613881-5DE6-47F8-9B82-914778FB8FA2}.Release|iPhoneSimulator.ActiveCfg = Release|x64
		{64613881-5DE6-47F8-9B82-914778FB8FA2}.Release|iPhoneSimulator.Build.0 = Release|x64
		{64613881-5DE6-47F8-9B82-914778FB8FA2}.Release|iPhoneSimulator.Deploy.0 = Release|x64
		{64613881-5DE6-47F8-9B82-914778FB8FA2}.Release|x64.ActiveCfg = Release|x64
		{64613881-5DE6-47F8-9B82-914778FB8FA2}.Release|x64.Build.0 = Release|x64
		{64613881-5DE6-47F8-9B82-914778FB8FA2}.Release|x64.Deploy.0 = Release|x64
		{64613881-5DE6-47F8-9B82-914778FB8FA2}.Release|x86.ActiveCfg = Release|x86
		{64613881-5DE6-47F8-9B82-914778FB8FA2}.Release|x86.Build.0 = Release|x86
		{64613881-5DE6-47F8-9B82-914778FB8FA2}.Release|x86.Deploy.0 = Release|x86
		{C3DC2351-167C-472B-980F-2103AF67329D}.Debug|Any CPU.ActiveCfg = Debug|Any CPU
		{C3DC2351-167C-472B-980F-2103AF67329D}.Debug|Any CPU.Build.0 = Debug|Any CPU
		{C3DC2351-167C-472B-980F-2103AF67329D}.Debug|Any CPU.Deploy.0 = Debug|Any CPU
		{C3DC2351-167C-472B-980F-2103AF67329D}.Debug|ARM.ActiveCfg = Debug|Any CPU
		{C3DC2351-167C-472B-980F-2103AF67329D}.Debug|ARM.Build.0 = Debug|Any CPU
		{C3DC2351-167C-472B-980F-2103AF67329D}.Debug|ARM.Deploy.0 = Debug|Any CPU
		{C3DC2351-167C-472B-980F-2103AF67329D}.Debug|iPhone.ActiveCfg = Debug|Any CPU
		{C3DC2351-167C-472B-980F-2103AF67329D}.Debug|iPhone.Build.0 = Debug|Any CPU
		{C3DC2351-167C-472B-980F-2103AF67329D}.Debug|iPhone.Deploy.0 = Debug|Any CPU
		{C3DC2351-167C-472B-980F-2103AF67329D}.Debug|iPhoneSimulator.ActiveCfg = Debug|Any CPU
		{C3DC2351-167C-472B-980F-2103AF67329D}.Debug|iPhoneSimulator.Build.0 = Debug|Any CPU
		{C3DC2351-167C-472B-980F-2103AF67329D}.Debug|iPhoneSimulator.Deploy.0 = Debug|Any CPU
		{C3DC2351-167C-472B-980F-2103AF67329D}.Debug|x64.ActiveCfg = Debug|Any CPU
		{C3DC2351-167C-472B-980F-2103AF67329D}.Debug|x64.Build.0 = Debug|Any CPU
		{C3DC2351-167C-472B-980F-2103AF67329D}.Debug|x64.Deploy.0 = Debug|Any CPU
		{C3DC2351-167C-472B-980F-2103AF67329D}.Debug|x86.ActiveCfg = Debug|Any CPU
		{C3DC2351-167C-472B-980F-2103AF67329D}.Debug|x86.Build.0 = Debug|Any CPU
		{C3DC2351-167C-472B-980F-2103AF67329D}.Debug|x86.Deploy.0 = Debug|Any CPU
		{C3DC2351-167C-472B-980F-2103AF67329D}.Release|Any CPU.ActiveCfg = Release|Any CPU
		{C3DC2351-167C-472B-980F-2103AF67329D}.Release|Any CPU.Build.0 = Release|Any CPU
		{C3DC2351-167C-472B-980F-2103AF67329D}.Release|Any CPU.Deploy.0 = Release|Any CPU
		{C3DC2351-167C-472B-980F-2103AF67329D}.Release|ARM.ActiveCfg = Release|Any CPU
		{C3DC2351-167C-472B-980F-2103AF67329D}.Release|ARM.Build.0 = Release|Any CPU
		{C3DC2351-167C-472B-980F-2103AF67329D}.Release|ARM.Deploy.0 = Release|Any CPU
		{C3DC2351-167C-472B-980F-2103AF67329D}.Release|iPhone.ActiveCfg = Release|Any CPU
		{C3DC2351-167C-472B-980F-2103AF67329D}.Release|iPhone.Build.0 = Release|Any CPU
		{C3DC2351-167C-472B-980F-2103AF67329D}.Release|iPhone.Deploy.0 = Release|Any CPU
		{C3DC2351-167C-472B-980F-2103AF67329D}.Release|iPhoneSimulator.ActiveCfg = Release|Any CPU
		{C3DC2351-167C-472B-980F-2103AF67329D}.Release|iPhoneSimulator.Build.0 = Release|Any CPU
		{C3DC2351-167C-472B-980F-2103AF67329D}.Release|iPhoneSimulator.Deploy.0 = Release|Any CPU
		{C3DC2351-167C-472B-980F-2103AF67329D}.Release|x64.ActiveCfg = Release|Any CPU
		{C3DC2351-167C-472B-980F-2103AF67329D}.Release|x64.Build.0 = Release|Any CPU
		{C3DC2351-167C-472B-980F-2103AF67329D}.Release|x64.Deploy.0 = Release|Any CPU
		{C3DC2351-167C-472B-980F-2103AF67329D}.Release|x86.ActiveCfg = Release|Any CPU
		{C3DC2351-167C-472B-980F-2103AF67329D}.Release|x86.Build.0 = Release|Any CPU
		{C3DC2351-167C-472B-980F-2103AF67329D}.Release|x86.Deploy.0 = Release|Any CPU
		{849BE769-CF0E-47A4-B050-F421A2901CFA}.Debug|Any CPU.ActiveCfg = Debug|iPhoneSimulator
		{849BE769-CF0E-47A4-B050-F421A2901CFA}.Debug|Any CPU.Build.0 = Debug|iPhoneSimulator
		{849BE769-CF0E-47A4-B050-F421A2901CFA}.Debug|Any CPU.Deploy.0 = Debug|iPhoneSimulator
		{849BE769-CF0E-47A4-B050-F421A2901CFA}.Debug|ARM.ActiveCfg = Debug|iPhoneSimulator
		{849BE769-CF0E-47A4-B050-F421A2901CFA}.Debug|ARM.Build.0 = Debug|iPhoneSimulator
		{849BE769-CF0E-47A4-B050-F421A2901CFA}.Debug|ARM.Deploy.0 = Debug|iPhoneSimulator
		{849BE769-CF0E-47A4-B050-F421A2901CFA}.Debug|iPhone.ActiveCfg = Debug|iPhone
		{849BE769-CF0E-47A4-B050-F421A2901CFA}.Debug|iPhone.Build.0 = Debug|iPhone
		{849BE769-CF0E-47A4-B050-F421A2901CFA}.Debug|iPhone.Deploy.0 = Debug|iPhone
		{849BE769-CF0E-47A4-B050-F421A2901CFA}.Debug|iPhoneSimulator.ActiveCfg = Debug|iPhoneSimulator
		{849BE769-CF0E-47A4-B050-F421A2901CFA}.Debug|iPhoneSimulator.Build.0 = Debug|iPhoneSimulator
		{849BE769-CF0E-47A4-B050-F421A2901CFA}.Debug|iPhoneSimulator.Deploy.0 = Debug|iPhoneSimulator
		{849BE769-CF0E-47A4-B050-F421A2901CFA}.Debug|x64.ActiveCfg = Debug|iPhone
		{849BE769-CF0E-47A4-B050-F421A2901CFA}.Debug|x64.Build.0 = Debug|iPhone
		{849BE769-CF0E-47A4-B050-F421A2901CFA}.Debug|x64.Deploy.0 = Debug|iPhone
		{849BE769-CF0E-47A4-B050-F421A2901CFA}.Debug|x86.ActiveCfg = Debug|iPhoneSimulator
		{849BE769-CF0E-47A4-B050-F421A2901CFA}.Debug|x86.Build.0 = Debug|iPhoneSimulator
		{849BE769-CF0E-47A4-B050-F421A2901CFA}.Debug|x86.Deploy.0 = Debug|iPhoneSimulator
		{849BE769-CF0E-47A4-B050-F421A2901CFA}.Release|Any CPU.ActiveCfg = Release|iPhoneSimulator
		{849BE769-CF0E-47A4-B050-F421A2901CFA}.Release|Any CPU.Build.0 = Release|iPhoneSimulator
		{849BE769-CF0E-47A4-B050-F421A2901CFA}.Release|Any CPU.Deploy.0 = Release|iPhoneSimulator
		{849BE769-CF0E-47A4-B050-F421A2901CFA}.Release|ARM.ActiveCfg = Release|iPhoneSimulator
		{849BE769-CF0E-47A4-B050-F421A2901CFA}.Release|ARM.Build.0 = Release|iPhoneSimulator
		{849BE769-CF0E-47A4-B050-F421A2901CFA}.Release|ARM.Deploy.0 = Release|iPhoneSimulator
		{849BE769-CF0E-47A4-B050-F421A2901CFA}.Release|iPhone.ActiveCfg = Release|iPhone
		{849BE769-CF0E-47A4-B050-F421A2901CFA}.Release|iPhone.Build.0 = Release|iPhone
		{849BE769-CF0E-47A4-B050-F421A2901CFA}.Release|iPhone.Deploy.0 = Release|iPhone
		{849BE769-CF0E-47A4-B050-F421A2901CFA}.Release|iPhoneSimulator.ActiveCfg = Release|iPhoneSimulator
		{849BE769-CF0E-47A4-B050-F421A2901CFA}.Release|iPhoneSimulator.Build.0 = Release|iPhoneSimulator
		{849BE769-CF0E-47A4-B050-F421A2901CFA}.Release|iPhoneSimulator.Deploy.0 = Release|iPhoneSimulator
		{849BE769-CF0E-47A4-B050-F421A2901CFA}.Release|x64.ActiveCfg = Release|iPhoneSimulator
		{849BE769-CF0E-47A4-B050-F421A2901CFA}.Release|x64.Build.0 = Release|iPhoneSimulator
		{849BE769-CF0E-47A4-B050-F421A2901CFA}.Release|x64.Deploy.0 = Release|iPhoneSimulator
		{849BE769-CF0E-47A4-B050-F421A2901CFA}.Release|x86.ActiveCfg = Release|iPhoneSimulator
		{849BE769-CF0E-47A4-B050-F421A2901CFA}.Release|x86.Build.0 = Release|iPhoneSimulator
		{849BE769-CF0E-47A4-B050-F421A2901CFA}.Release|x86.Deploy.0 = Release|iPhoneSimulator
		{B2E1F8F0-F01D-48F0-AC0B-02B49A991DAD}.Debug|Any CPU.ActiveCfg = Debug|Any CPU
		{B2E1F8F0-F01D-48F0-AC0B-02B49A991DAD}.Debug|Any CPU.Build.0 = Debug|Any CPU
		{B2E1F8F0-F01D-48F0-AC0B-02B49A991DAD}.Debug|Any CPU.Deploy.0 = Debug|Any CPU
		{B2E1F8F0-F01D-48F0-AC0B-02B49A991DAD}.Debug|ARM.ActiveCfg = Debug|Any CPU
		{B2E1F8F0-F01D-48F0-AC0B-02B49A991DAD}.Debug|ARM.Build.0 = Debug|Any CPU
		{B2E1F8F0-F01D-48F0-AC0B-02B49A991DAD}.Debug|ARM.Deploy.0 = Debug|Any CPU
		{B2E1F8F0-F01D-48F0-AC0B-02B49A991DAD}.Debug|iPhone.ActiveCfg = Debug|Any CPU
		{B2E1F8F0-F01D-48F0-AC0B-02B49A991DAD}.Debug|iPhone.Build.0 = Debug|Any CPU
		{B2E1F8F0-F01D-48F0-AC0B-02B49A991DAD}.Debug|iPhone.Deploy.0 = Debug|Any CPU
		{B2E1F8F0-F01D-48F0-AC0B-02B49A991DAD}.Debug|iPhoneSimulator.ActiveCfg = Debug|Any CPU
		{B2E1F8F0-F01D-48F0-AC0B-02B49A991DAD}.Debug|iPhoneSimulator.Build.0 = Debug|Any CPU
		{B2E1F8F0-F01D-48F0-AC0B-02B49A991DAD}.Debug|iPhoneSimulator.Deploy.0 = Debug|Any CPU
		{B2E1F8F0-F01D-48F0-AC0B-02B49A991DAD}.Debug|x64.ActiveCfg = Debug|Any CPU
		{B2E1F8F0-F01D-48F0-AC0B-02B49A991DAD}.Debug|x64.Build.0 = Debug|Any CPU
		{B2E1F8F0-F01D-48F0-AC0B-02B49A991DAD}.Debug|x64.Deploy.0 = Debug|Any CPU
		{B2E1F8F0-F01D-48F0-AC0B-02B49A991DAD}.Debug|x86.ActiveCfg = Debug|Any CPU
		{B2E1F8F0-F01D-48F0-AC0B-02B49A991DAD}.Debug|x86.Build.0 = Debug|Any CPU
		{B2E1F8F0-F01D-48F0-AC0B-02B49A991DAD}.Debug|x86.Deploy.0 = Debug|Any CPU
		{B2E1F8F0-F01D-48F0-AC0B-02B49A991DAD}.Release|Any CPU.ActiveCfg = Release|Any CPU
		{B2E1F8F0-F01D-48F0-AC0B-02B49A991DAD}.Release|Any CPU.Build.0 = Release|Any CPU
		{B2E1F8F0-F01D-48F0-AC0B-02B49A991DAD}.Release|Any CPU.Deploy.0 = Release|Any CPU
		{B2E1F8F0-F01D-48F0-AC0B-02B49A991DAD}.Release|ARM.ActiveCfg = Release|Any CPU
		{B2E1F8F0-F01D-48F0-AC0B-02B49A991DAD}.Release|ARM.Build.0 = Release|Any CPU
		{B2E1F8F0-F01D-48F0-AC0B-02B49A991DAD}.Release|ARM.Deploy.0 = Release|Any CPU
		{B2E1F8F0-F01D-48F0-AC0B-02B49A991DAD}.Release|iPhone.ActiveCfg = Release|Any CPU
		{B2E1F8F0-F01D-48F0-AC0B-02B49A991DAD}.Release|iPhone.Build.0 = Release|Any CPU
		{B2E1F8F0-F01D-48F0-AC0B-02B49A991DAD}.Release|iPhone.Deploy.0 = Release|Any CPU
		{B2E1F8F0-F01D-48F0-AC0B-02B49A991DAD}.Release|iPhoneSimulator.ActiveCfg = Release|Any CPU
		{B2E1F8F0-F01D-48F0-AC0B-02B49A991DAD}.Release|iPhoneSimulator.Build.0 = Release|Any CPU
		{B2E1F8F0-F01D-48F0-AC0B-02B49A991DAD}.Release|iPhoneSimulator.Deploy.0 = Release|Any CPU
		{B2E1F8F0-F01D-48F0-AC0B-02B49A991DAD}.Release|x64.ActiveCfg = Release|Any CPU
		{B2E1F8F0-F01D-48F0-AC0B-02B49A991DAD}.Release|x64.Build.0 = Release|Any CPU
		{B2E1F8F0-F01D-48F0-AC0B-02B49A991DAD}.Release|x64.Deploy.0 = Release|Any CPU
		{B2E1F8F0-F01D-48F0-AC0B-02B49A991DAD}.Release|x86.ActiveCfg = Release|Any CPU
		{B2E1F8F0-F01D-48F0-AC0B-02B49A991DAD}.Release|x86.Build.0 = Release|Any CPU
		{B2E1F8F0-F01D-48F0-AC0B-02B49A991DAD}.Release|x86.Deploy.0 = Release|Any CPU
	EndGlobalSection
	GlobalSection(SolutionProperties) = preSolution
		HideSolutionNode = FALSE
	EndGlobalSection
	GlobalSection(ExtensibilityGlobals) = postSolution
		SolutionGuid = {41AC872E-9A3E-4045-9480-B38AECF11BDA}
	EndGlobalSection
EndGlobal
